# THIS IS AN AUTOGENERATED FILE. DO NOT EDIT THIS FILE DIRECTLY.
# yarn lockfile v1


node-mailer@^0.1.1:
  version "0.1.1"
  resolved "https://registry.yarnpkg.com/node-mailer/-/node-mailer-0.1.1.tgz#609e14a9b2c34422540b3a66938163d1d2421500"
  dependencies:
    nodemailer ">= 0.1.15"

"nodemailer@>= 0.1.15":
  version "4.0.1"
  resolved "https://registry.yarnpkg.com/nodemailer/-/nodemailer-4.0.1.tgz#b95864b07facee8287e8232effd6f1d56ec75ab2"
